
Microsoft Visual Studio Solution File, Format Version 12.00
# Visual Studio Version 17
VisualStudioVersion = 17.4.33103.184
MinimumVisualStudioVersion = 10.0.40219.1
Project("{2150E333-8FDC-42A3-9474-1A3956D46DE8}") = "BookingService", "BookingService", "{06324F6D-9F15-49D2-86C3-BA95A4304625}"
EndProject
Project("{2150E333-8FDC-42A3-9474-1A3956D46DE8}") = "PaymentService", "PaymentService", "{74C9A505-691A-4F33-AB83-64C1C87B5B9E}"
EndProject
Project("{2150E333-8FDC-42A3-9474-1A3956D46DE8}") = "Core", "Core", "{8FA597FE-905A-4A3C-8C15-866708C12A91}"
EndProject
Project("{2150E333-8FDC-42A3-9474-1A3956D46DE8}") = "Domain", "Domain", "{215A80A8-3B0D-405B-A98F-477D526897A8}"
EndProject
Project("{2150E333-8FDC-42A3-9474-1A3956D46DE8}") = "Application", "Application", "{B75EEB2F-0CD2-4C79-8C5D-9DB0700C8BBC}"
EndProject
Project("{2150E333-8FDC-42A3-9474-1A3956D46DE8}") = "Adapters", "Adapters", "{5DC4ED57-8A39-46AB-9E6A-C1CF4745565B}"
EndProject
Project("{2150E333-8FDC-42A3-9474-1A3956D46DE8}") = "Consumers", "Consumers", "{B96EA2F2-F302-4B15-933E-1300750F4D6A}"
EndProject
Project("{2150E333-8FDC-42A3-9474-1A3956D46DE8}") = "Tests", "Tests", "{4B0BA53F-8F4C-41FA-942C-14579E908973}"
EndProject
Project("{2150E333-8FDC-42A3-9474-1A3956D46DE8}") = "Domain", "Domain", "{F149B2D2-894C-462E-B426-C582FC76CA5B}"
EndProject
Project("{2150E333-8FDC-42A3-9474-1A3956D46DE8}") = "Application", "Application", "{C2D08451-2894-4DEA-8546-B04265AA3B86}"
EndProject
Project("{2150E333-8FDC-42A3-9474-1A3956D46DE8}") = "Adapters", "Adapters", "{195D28C3-4F69-4AE7-B506-C16D35542464}"
EndProject
Project("{9A19103F-16F7-4668-BE54-9A1E7A4F7556}") = "DomainTests", "BookingService\Tests\Domain\DomainTests\DomainTests.csproj", "{D832E913-2FE7-4020-9057-7BBDC59A77C5}"
EndProject
Project("{9A19103F-16F7-4668-BE54-9A1E7A4F7556}") = "ApplicationTests", "BookingService\Tests\Application\ApplicationTests\ApplicationTests.csproj", "{A3D4EBE9-7848-43F5-BD5D-CD6016AFE94A}"
EndProject
Project("{9A19103F-16F7-4668-BE54-9A1E7A4F7556}") = "AdaptersTests", "BookingService\Tests\Adapters\AdaptersTests\AdaptersTests.csproj", "{A943AC7B-1C9C-4C28-AEA7-04390EAFF5AC}"
EndProject
Project("{9A19103F-16F7-4668-BE54-9A1E7A4F7556}") = "API", "BookingService\Consumers\API\API.csproj", "{D03A4353-B9AC-476C-9861-DA1006FBD1EB}"
EndProject
Project("{9A19103F-16F7-4668-BE54-9A1E7A4F7556}") = "Data", "BookingService\Adapters\Data\Data.csproj", "{ECBF7370-FDDA-4348-A67A-CCE8BE82FA0A}"
EndProject
Project("{9A19103F-16F7-4668-BE54-9A1E7A4F7556}") = "Application", "BookingService\Core\Application\Application.csproj", "{420E10F6-2FB5-401E-AB3B-989EE43FFDBC}"
EndProject
Project("{9A19103F-16F7-4668-BE54-9A1E7A4F7556}") = "Domain", "BookingService\Core\Domain\Domain.csproj", "{B5D1483D-7FF0-4F76-BE8D-F13FC2CF4CE1}"
EndProject
Project("{2150E333-8FDC-42A3-9474-1A3956D46DE8}") = "Core", "Core", "{BD2D07CC-D537-45FF-8048-E3059DC94F71}"
EndProject
Project("{2150E333-8FDC-42A3-9474-1A3956D46DE8}") = "Application", "Application", "{972E6CA1-7F6D-4CE9-BB7C-6D1693CC1000}"
EndProject
Project("{9A19103F-16F7-4668-BE54-9A1E7A4F7556}") = "Payment.Application", "PaymentService\Core\Application\Payment.Application.csproj", "{C654A51B-71A5-41AA-8CB7-E8A338BEEEB7}"
EndProject
Global
	GlobalSection(SolutionConfigurationPlatforms) = preSolution
		Debug|Any CPU = Debug|Any CPU
		Release|Any CPU = Release|Any CPU
	EndGlobalSection
	GlobalSection(ProjectConfigurationPlatforms) = postSolution
		{D832E913-2FE7-4020-9057-7BBDC59A77C5}.Debug|Any CPU.ActiveCfg = Debug|Any CPU
		{D832E913-2FE7-4020-9057-7BBDC59A77C5}.Debug|Any CPU.Build.0 = Debug|Any CPU
		{D832E913-2FE7-4020-9057-7BBDC59A77C5}.Release|Any CPU.ActiveCfg = Release|Any CPU
		{D832E913-2FE7-4020-9057-7BBDC59A77C5}.Release|Any CPU.Build.0 = Release|Any CPU
		{A3D4EBE9-7848-43F5-BD5D-CD6016AFE94A}.Debug|Any CPU.ActiveCfg = Debug|Any CPU
		{A3D4EBE9-7848-43F5-BD5D-CD6016AFE94A}.Debug|Any CPU.Build.0 = Debug|Any CPU
		{A3D4EBE9-7848-43F5-BD5D-CD6016AFE94A}.Release|Any CPU.ActiveCfg = Release|Any CPU
		{A3D4EBE9-7848-43F5-BD5D-CD6016AFE94A}.Release|Any CPU.Build.0 = Release|Any CPU
		{A943AC7B-1C9C-4C28-AEA7-04390EAFF5AC}.Debug|Any CPU.ActiveCfg = Debug|Any CPU
		{A943AC7B-1C9C-4C28-AEA7-04390EAFF5AC}.Debug|Any CPU.Build.0 = Debug|Any CPU
		{A943AC7B-1C9C-4C28-AEA7-04390EAFF5AC}.Release|Any CPU.ActiveCfg = Release|Any CPU
		{A943AC7B-1C9C-4C28-AEA7-04390EAFF5AC}.Release|Any CPU.Build.0 = Release|Any CPU
		{D03A4353-B9AC-476C-9861-DA1006FBD1EB}.Debug|Any CPU.ActiveCfg = Debug|Any CPU
		{D03A4353-B9AC-476C-9861-DA1006FBD1EB}.Debug|Any CPU.Build.0 = Debug|Any CPU
		{D03A4353-B9AC-476C-9861-DA1006FBD1EB}.Release|Any CPU.ActiveCfg = Release|Any CPU
		{D03A4353-B9AC-476C-9861-DA1006FBD1EB}.Release|Any CPU.Build.0 = Release|Any CPU
		{ECBF7370-FDDA-4348-A67A-CCE8BE82FA0A}.Debug|Any CPU.ActiveCfg = Debug|Any CPU
		{ECBF7370-FDDA-4348-A67A-CCE8BE82FA0A}.Debug|Any CPU.Build.0 = Debug|Any CPU
		{ECBF7370-FDDA-4348-A67A-CCE8BE82FA0A}.Release|Any CPU.ActiveCfg = Release|Any CPU
		{ECBF7370-FDDA-4348-A67A-CCE8BE82FA0A}.Release|Any CPU.Build.0 = Release|Any CPU
		{420E10F6-2FB5-401E-AB3B-989EE43FFDBC}.Debug|Any CPU.ActiveCfg = Debug|Any CPU
		{420E10F6-2FB5-401E-AB3B-989EE43FFDBC}.Debug|Any CPU.Build.0 = Debug|Any CPU
		{420E10F6-2FB5-401E-AB3B-989EE43FFDBC}.Release|Any CPU.ActiveCfg = Release|Any CPU
		{420E10F6-2FB5-401E-AB3B-989EE43FFDBC}.Release|Any CPU.Build.0 = Release|Any CPU
		{B5D1483D-7FF0-4F76-BE8D-F13FC2CF4CE1}.Debug|Any CPU.ActiveCfg = Debug|Any CPU
		{B5D1483D-7FF0-4F76-BE8D-F13FC2CF4CE1}.Debug|Any CPU.Build.0 = Debug|Any CPU
		{B5D1483D-7FF0-4F76-BE8D-F13FC2CF4CE1}.Release|Any CPU.ActiveCfg = Release|Any CPU
		{B5D1483D-7FF0-4F76-BE8D-F13FC2CF4CE1}.Release|Any CPU.Build.0 = Release|Any CPU
		{C654A51B-71A5-41AA-8CB7-E8A338BEEEB7}.Debug|Any CPU.ActiveCfg = Debug|Any CPU
		{C654A51B-71A5-41AA-8CB7-E8A338BEEEB7}.Debug|Any CPU.Build.0 = Debug|Any CPU
		{C654A51B-71A5-41AA-8CB7-E8A338BEEEB7}.Release|Any CPU.ActiveCfg = Release|Any CPU
		{C654A51B-71A5-41AA-8CB7-E8A338BEEEB7}.Release|Any CPU.Build.0 = Release|Any CPU
	EndGlobalSection
	GlobalSection(SolutionProperties) = preSolution
		HideSolutionNode = FALSE
	EndGlobalSection
	GlobalSection(NestedProjects) = preSolution
		{8FA597FE-905A-4A3C-8C15-866708C12A91} = {06324F6D-9F15-49D2-86C3-BA95A4304625}
		{215A80A8-3B0D-405B-A98F-477D526897A8} = {8FA597FE-905A-4A3C-8C15-866708C12A91}
		{B75EEB2F-0CD2-4C79-8C5D-9DB0700C8BBC} = {8FA597FE-905A-4A3C-8C15-866708C12A91}
		{5DC4ED57-8A39-46AB-9E6A-C1CF4745565B} = {06324F6D-9F15-49D2-86C3-BA95A4304625}
		{B96EA2F2-F302-4B15-933E-1300750F4D6A} = {06324F6D-9F15-49D2-86C3-BA95A4304625}
		{4B0BA53F-8F4C-41FA-942C-14579E908973} = {06324F6D-9F15-49D2-86C3-BA95A4304625}
		{F149B2D2-894C-462E-B426-C582FC76CA5B} = {4B0BA53F-8F4C-41FA-942C-14579E908973}
		{C2D08451-2894-4DEA-8546-B04265AA3B86} = {4B0BA53F-8F4C-41FA-942C-14579E908973}
		{195D28C3-4F69-4AE7-B506-C16D35542464} = {4B0BA53F-8F4C-41FA-942C-14579E908973}
		{D832E913-2FE7-4020-9057-7BBDC59A77C5} = {F149B2D2-894C-462E-B426-C582FC76CA5B}
		{A3D4EBE9-7848-43F5-BD5D-CD6016AFE94A} = {C2D08451-2894-4DEA-8546-B04265AA3B86}
		{A943AC7B-1C9C-4C28-AEA7-04390EAFF5AC} = {195D28C3-4F69-4AE7-B506-C16D35542464}
		{D03A4353-B9AC-476C-9861-DA1006FBD1EB} = {B96EA2F2-F302-4B15-933E-1300750F4D6A}
		{ECBF7370-FDDA-4348-A67A-CCE8BE82FA0A} = {5DC4ED57-8A39-46AB-9E6A-C1CF4745565B}
		{420E10F6-2FB5-401E-AB3B-989EE43FFDBC} = {B75EEB2F-0CD2-4C79-8C5D-9DB0700C8BBC}
		{B5D1483D-7FF0-4F76-BE8D-F13FC2CF4CE1} = {215A80A8-3B0D-405B-A98F-477D526897A8}
		{BD2D07CC-D537-45FF-8048-E3059DC94F71} = {74C9A505-691A-4F33-AB83-64C1C87B5B9E}
		{972E6CA1-7F6D-4CE9-BB7C-6D1693CC1000} = {BD2D07CC-D537-45FF-8048-E3059DC94F71}
		{C654A51B-71A5-41AA-8CB7-E8A338BEEEB7} = {972E6CA1-7F6D-4CE9-BB7C-6D1693CC1000}
	EndGlobalSection
	GlobalSection(ExtensibilityGlobals) = postSolution
		SolutionGuid = {002729BF-DAD9-49B9-B634-1EFDB96C31B1}
	EndGlobalSection
EndGlobal
